
Microsoft Visual Studio Solution File, Format Version 12.00
# Visual Studio 2012
Project("{F2A71F9B-5D33-465A-A702-920D77279786}") = "pertish", "pertish\pertish.fsproj", "{6213DD38-4450-4A48-9469-29565616E62D}"
EndProject
Project("{FAE04EC0-301F-11D3-BF4B-00C04F79EFBC}") = "NormalDistribution", "NormalDistribution\NormalDistribution.csproj", "{7EDAF04C-E789-4E9C-89C4-C7FCDED8AA7F}"
EndProject
Global
	GlobalSection(SolutionConfigurationPlatforms) = preSolution
		Debug|Any CPU = Debug|Any CPU
		Release|Any CPU = Release|Any CPU
	EndGlobalSection
	GlobalSection(ProjectConfigurationPlatforms) = postSolution
		{6213DD38-4450-4A48-9469-29565616E62D}.Debug|Any CPU.ActiveCfg = Debug|Any CPU
		{6213DD38-4450-4A48-9469-29565616E62D}.Debug|Any CPU.Build.0 = Debug|Any CPU
		{6213DD38-4450-4A48-9469-29565616E62D}.Release|Any CPU.ActiveCfg = Release|Any CPU
		{6213DD38-4450-4A48-9469-29565616E62D}.Release|Any CPU.Build.0 = Release|Any CPU
		{7EDAF04C-E789-4E9C-89C4-C7FCDED8AA7F}.Debug|Any CPU.ActiveCfg = Debug|Any CPU
		{7EDAF04C-E789-4E9C-89C4-C7FCDED8AA7F}.Debug|Any CPU.Build.0 = Debug|Any CPU
		{7EDAF04C-E789-4E9C-89C4-C7FCDED8AA7F}.Release|Any CPU.ActiveCfg = Release|Any CPU
		{7EDAF04C-E789-4E9C-89C4-C7FCDED8AA7F}.Release|Any CPU.Build.0 = Release|Any CPU
	EndGlobalSection
	GlobalSection(SolutionProperties) = preSolution
		HideSolutionNode = FALSE
	EndGlobalSection
EndGlobal
